Microsoft Visual Studio Solution File, Format Version 12.00
# Visual Studio 2012
Project("{FAE04EC0-301F-11D3-BF4B-00C04F79EFBC}") = "DiabloRL", "DiabloRL.csproj", "{CCC76477-5737-4FF6-9478-61BCCBE7ACBE}"
EndProject
Global
	GlobalSection(SolutionConfigurationPlatforms) = preSolution
	Debug|Any CPU = Debug|Any CPU
	ExportDebug|Any CPU = ExportDebug|Any CPU
	ExportRelease|Any CPU = ExportRelease|Any CPU
	EndGlobalSection
	GlobalSection(ProjectConfigurationPlatforms) = postSolution
		{CCC76477-5737-4FF6-9478-61BCCBE7ACBE}.Debug|Any CPU.ActiveCfg = Debug|Any CPU
		{CCC76477-5737-4FF6-9478-61BCCBE7ACBE}.Debug|Any CPU.Build.0 = Debug|Any CPU
		{CCC76477-5737-4FF6-9478-61BCCBE7ACBE}.ExportDebug|Any CPU.ActiveCfg = ExportDebug|Any CPU
		{CCC76477-5737-4FF6-9478-61BCCBE7ACBE}.ExportDebug|Any CPU.Build.0 = ExportDebug|Any CPU
		{CCC76477-5737-4FF6-9478-61BCCBE7ACBE}.ExportRelease|Any CPU.ActiveCfg = ExportRelease|Any CPU
		{CCC76477-5737-4FF6-9478-61BCCBE7ACBE}.ExportRelease|Any CPU.Build.0 = ExportRelease|Any CPU
	EndGlobalSection
EndGlobal
